
Microsoft Visual Studio Solution File, Format Version 12.00
# Visual Studio Version 16
VisualStudioVersion = 16.0.30413.136
MinimumVisualStudioVersion = 10.0.40219.1
Project("{9A19103F-16F7-4668-BE54-9A1E7A4F7556}") = "BackendManager", "BackendManager.csproj", "{5B6F4D77-32C8-4134-AE70-1A494F183F81}"
EndProject
Global
	GlobalSection(SolutionConfigurationPlatforms) = preSolution
		Debug|Any CPU = Debug|Any CPU
		Release|Any CPU = Release|Any CPU
	EndGlobalSection
	GlobalSection(ProjectConfigurationPlatforms) = postSolution
		{5B6F4D77-32C8-4134-AE70-1A494F183F81}.Debug|Any CPU.ActiveCfg = Debug|Any CPU
		{5B6F4D77-32C8-4134-AE70-1A494F183F81}.Debug|Any CPU.Build.0 = Debug|Any CPU
		{5B6F4D77-32C8-4134-AE70-1A494F183F81}.Release|Any CPU.ActiveCfg = Release|Any CPU
		{5B6F4D77-32C8-4134-AE70-1A494F183F81}.Release|Any CPU.Build.0 = Release|Any CPU
	EndGlobalSection
	GlobalSection(SolutionProperties) = preSolution
		HideSolutionNode = FALSE
	EndGlobalSection
	GlobalSection(ExtensibilityGlobals) = postSolution
		SolutionGuid = {3FC86FC7-3E5B-43E3-B738-1DD3E01ECB05}
	EndGlobalSection
EndGlobal
